Microsoft Visual Studio Solution File, Format Version 12.00
# Visual Studio Version 17
VisualStudioVersion = 17.5.2.0
MinimumVisualStudioVersion = 10.0.40219.1
Project("{FAE04EC0-301F-11D3-BF4B-00C04F79EFBC}") = "MainHub.Api", "MainHub.Api\MainHub.Api.csproj", "{8C19A238-9370-7AF2-9A91-A095E0862C84}"
EndProject
Project("{E53339B2-1760-4266-BCC7-CA923CBCF16C}") = "docker-compose", "MainHub.Api\docker-compose.dcproj", "{C1D2E3F4-A5B6-4890-CDEF-012345678901}"
EndProject
Project("{FAE04EC0-301F-11D3-BF4B-00C04F79EFBC}") = "MainHub.Api.IntegrationTests", "MainHub.Api.IntegrationTests\MainHub.Api.IntegrationTests.csproj", "{9D3E4F5A-6B7C-4D8E-9F01-234567890ABC}"
EndProject
Global
	GlobalSection(SolutionConfigurationPlatforms) = preSolution
		Debug|Any CPU = Debug|Any CPU
		Release|Any CPU = Release|Any CPU
	EndGlobalSection
	GlobalSection(ProjectConfigurationPlatforms) = postSolution
		{8C19A238-9370-7AF2-9A91-A095E0862C84}.Debug|Any CPU.ActiveCfg = Debug|Any CPU
		{8C19A238-9370-7AF2-9A91-A095E0862C84}.Debug|Any CPU.Build.0 = Debug|Any CPU
		{8C19A238-9370-7AF2-9A91-A095E0862C84}.Release|Any CPU.ActiveCfg = Release|Any CPU
		{8C19A238-9370-7AF2-9A91-A095E0862C84}.Release|Any CPU.Build.0 = Release|Any CPU
		{C1D2E3F4-A5B6-4890-CDEF-012345678901}.Debug|Any CPU.ActiveCfg = Debug|Any CPU
		{C1D2E3F4-A5B6-4890-CDEF-012345678901}.Release|Any CPU.ActiveCfg = Release|Any CPU
		{9D3E4F5A-6B7C-4D8E-9F01-234567890ABC}.Debug|Any CPU.ActiveCfg = Debug|Any CPU
		{9D3E4F5A-6B7C-4D8E-9F01-234567890ABC}.Debug|Any CPU.Build.0 = Debug|Any CPU
		{9D3E4F5A-6B7C-4D8E-9F01-234567890ABC}.Release|Any CPU.ActiveCfg = Release|Any CPU
		{9D3E4F5A-6B7C-4D8E-9F01-234567890ABC}.Release|Any CPU.Build.0 = Release|Any CPU
	EndGlobalSection
	GlobalSection(SolutionProperties) = preSolution
		HideSolutionNode = FALSE
	EndGlobalSection
	GlobalSection(ExtensibilityGlobals) = postSolution
		SolutionGuid = {58ABE3E3-2DAF-4EA5-80E0-D2ED432783D6}
	EndGlobalSection
EndGlobal
